
Microsoft Visual Studio Solution File, Format Version 12.00
# Visual Studio 14
VisualStudioVersion = 14.0.24720.0
MinimumVisualStudioVersion = 10.0.40219.1
Project("{F14B399A-7131-4C87-9E4B-1186C45EF12D}") = "SSRSTesting", "SSRSTesting\SSRSTesting.rptproj", "{CE84D094-360A-4D27-B45E-0B95DA0CB89D}"
EndProject
Global
	GlobalSection(SolutionConfigurationPlatforms) = preSolution
		Debug|Default = Debug|Default
		DebugLocal|Default = DebugLocal|Default
		Release|Default = Release|Default
	EndGlobalSection
	GlobalSection(ProjectConfigurationPlatforms) = postSolution
		{CE84D094-360A-4D27-B45E-0B95DA0CB89D}.Debug|Default.ActiveCfg = Debug
		{CE84D094-360A-4D27-B45E-0B95DA0CB89D}.Debug|Default.Build.0 = Debug
		{CE84D094-360A-4D27-B45E-0B95DA0CB89D}.Debug|Default.Deploy.0 = Debug
		{CE84D094-360A-4D27-B45E-0B95DA0CB89D}.DebugLocal|Default.ActiveCfg = DebugLocal
		{CE84D094-360A-4D27-B45E-0B95DA0CB89D}.DebugLocal|Default.Build.0 = DebugLocal
		{CE84D094-360A-4D27-B45E-0B95DA0CB89D}.Release|Default.ActiveCfg = Release
		{CE84D094-360A-4D27-B45E-0B95DA0CB89D}.Release|Default.Build.0 = Release
		{CE84D094-360A-4D27-B45E-0B95DA0CB89D}.Release|Default.Deploy.0 = Release
	EndGlobalSection
	GlobalSection(SolutionProperties) = preSolution
		HideSolutionNode = FALSE
	EndGlobalSection
EndGlobal
